
Microsoft Visual Studio Solution File, Format Version 12.00
# Visual Studio Version 17
VisualStudioVersion = 17.0.31903.59
MinimumVisualStudioVersion = 10.0.40219.1
Project("{F2A71F9B-5D33-465A-A702-920D77279786}") = "MyLang", "MyLang\MyLang.fsproj", "{75BA3FBF-E4A2-4ACD-9B2A-33B4D6626DF0}"
EndProject
Project("{F2A71F9B-5D33-465A-A702-920D77279786}") = "MyLangLib", "MyLangLib\MyLangLib.fsproj", "{4D4A24D1-5BB6-4F36-8772-75087B5C2D9E}"
EndProject
Global
	GlobalSection(SolutionConfigurationPlatforms) = preSolution
		Debug|Any CPU = Debug|Any CPU
		Release|Any CPU = Release|Any CPU
	EndGlobalSection
	GlobalSection(SolutionProperties) = preSolution
		HideSolutionNode = FALSE
	EndGlobalSection
	GlobalSection(ProjectConfigurationPlatforms) = postSolution
		{75BA3FBF-E4A2-4ACD-9B2A-33B4D6626DF0}.Debug|Any CPU.ActiveCfg = Debug|Any CPU
		{75BA3FBF-E4A2-4ACD-9B2A-33B4D6626DF0}.Debug|Any CPU.Build.0 = Debug|Any CPU
		{75BA3FBF-E4A2-4ACD-9B2A-33B4D6626DF0}.Release|Any CPU.ActiveCfg = Release|Any CPU
		{75BA3FBF-E4A2-4ACD-9B2A-33B4D6626DF0}.Release|Any CPU.Build.0 = Release|Any CPU
		{4D4A24D1-5BB6-4F36-8772-75087B5C2D9E}.Debug|Any CPU.ActiveCfg = Debug|Any CPU
		{4D4A24D1-5BB6-4F36-8772-75087B5C2D9E}.Debug|Any CPU.Build.0 = Debug|Any CPU
		{4D4A24D1-5BB6-4F36-8772-75087B5C2D9E}.Release|Any CPU.ActiveCfg = Release|Any CPU
		{4D4A24D1-5BB6-4F36-8772-75087B5C2D9E}.Release|Any CPU.Build.0 = Release|Any CPU
	EndGlobalSection
EndGlobal
